
Microsoft Visual Studio Solution File, Format Version 12.00
# Visual Studio 14
VisualStudioVersion = 14.0.25420.1
MinimumVisualStudioVersion = 10.0.40219.1
Project("{8BC9CEB8-8B4A-11D0-8D11-00A0C91BC942}") = "Logger", "Logger\Logger.vcxproj", "{6D6B91F1-0EBE-4363-B508-8DC9ED78444B}"
EndProject
Project("{8BC9CEB8-8B4A-11D0-8D11-00A0C91BC942}") = "FillPublisher", "FillPublisher\FillPublisher.vcxproj", "{3C415C5C-65B7-4409-BD8D-01D731F82132}"
EndProject
Project("{8BC9CEB8-8B4A-11D0-8D11-00A0C91BC942}") = "FeedPublisher", "FeedPublisher\FeedPublisher.vcxproj", "{DE222A42-D67E-4EB8-9519-F36EB4471101}"
EndProject
Global
	GlobalSection(SolutionConfigurationPlatforms) = preSolution
		Debug|x64 = Debug|x64
		Debug|x86 = Debug|x86
		Release|x64 = Release|x64
		Release|x86 = Release|x86
	EndGlobalSection
	GlobalSection(ProjectConfigurationPlatforms) = postSolution
		{6D6B91F1-0EBE-4363-B508-8DC9ED78444B}.Debug|x64.ActiveCfg = Debug|x64
		{6D6B91F1-0EBE-4363-B508-8DC9ED78444B}.Debug|x64.Build.0 = Debug|x64
		{6D6B91F1-0EBE-4363-B508-8DC9ED78444B}.Debug|x86.ActiveCfg = Debug|Win32
		{6D6B91F1-0EBE-4363-B508-8DC9ED78444B}.Debug|x86.Build.0 = Debug|Win32
		{6D6B91F1-0EBE-4363-B508-8DC9ED78444B}.Release|x64.ActiveCfg = Release|x64
		{6D6B91F1-0EBE-4363-B508-8DC9ED78444B}.Release|x64.Build.0 = Release|x64
		{6D6B91F1-0EBE-4363-B508-8DC9ED78444B}.Release|x86.ActiveCfg = Release|Win32
		{6D6B91F1-0EBE-4363-B508-8DC9ED78444B}.Release|x86.Build.0 = Release|Win32
		{3C415C5C-65B7-4409-BD8D-01D731F82132}.Debug|x64.ActiveCfg = Debug|x64
		{3C415C5C-65B7-4409-BD8D-01D731F82132}.Debug|x64.Build.0 = Debug|x64
		{3C415C5C-65B7-4409-BD8D-01D731F82132}.Debug|x86.ActiveCfg = Debug|Win32
		{3C415C5C-65B7-4409-BD8D-01D731F82132}.Debug|x86.Build.0 = Debug|Win32
		{3C415C5C-65B7-4409-BD8D-01D731F82132}.Release|x64.ActiveCfg = Release|x64
		{3C415C5C-65B7-4409-BD8D-01D731F82132}.Release|x64.Build.0 = Release|x64
		{3C415C5C-65B7-4409-BD8D-01D731F82132}.Release|x86.ActiveCfg = Release|Win32
		{3C415C5C-65B7-4409-BD8D-01D731F82132}.Release|x86.Build.0 = Release|Win32
		{DE222A42-D67E-4EB8-9519-F36EB4471101}.Debug|x64.ActiveCfg = Debug|x64
		{DE222A42-D67E-4EB8-9519-F36EB4471101}.Debug|x64.Build.0 = Debug|x64
		{DE222A42-D67E-4EB8-9519-F36EB4471101}.Debug|x86.ActiveCfg = Debug|Win32
		{DE222A42-D67E-4EB8-9519-F36EB4471101}.Debug|x86.Build.0 = Debug|Win32
		{DE222A42-D67E-4EB8-9519-F36EB4471101}.Release|x64.ActiveCfg = Release|x64
		{DE222A42-D67E-4EB8-9519-F36EB4471101}.Release|x64.Build.0 = Release|x64
		{DE222A42-D67E-4EB8-9519-F36EB4471101}.Release|x86.ActiveCfg = Release|Win32
		{DE222A42-D67E-4EB8-9519-F36EB4471101}.Release|x86.Build.0 = Release|Win32
	EndGlobalSection
	GlobalSection(SolutionProperties) = preSolution
		HideSolutionNode = FALSE
	EndGlobalSection
EndGlobal
